{
  "nodes": {
    "emacs-overlay": {
      "inputs": {
        "flake-utils": "flake-utils",
        "nixpkgs": "nixpkgs"
      },
      "locked": {
        "lastModified": 1676628719,
        "narHash": "sha256-yZM1hLxPS3OuKNduQSWmiYLAjIZeJ7ExWbCL3A3bi0U=",
        "owner": "nix-community",
        "repo": "emacs-overlay",
        "rev": "cd34501a9bcec341533c7131af77572456c100d8",
        "type": "github"
      },
      "original": {
        "owner": "nix-community",
        "repo": "emacs-overlay",
        "type": "github"
      }
    },
    "flake-utils": {
      "locked": {
        "lastModified": 1667395993,
        "narHash": "sha256-nuEHfE/LcWyuSWnS8t12N1wc105Qtau+/OdUAjtQ0rA=",
        "owner": "numtide",
        "repo": "flake-utils",
        "rev": "5aed5285a952e0b949eb3ba02c12fa4fcfef535f",
        "type": "github"
      },
      "original": {
        "owner": "numtide",
        "repo": "flake-utils",
        "type": "github"
      }
    },
    "flake-utils_2": {
      "locked": {
        "lastModified": 1638122382,
        "narHash": "sha256-sQzZzAbvKEqN9s0bzWuYmRaA03v40gaJ4+iL1LXjaeI=",
        "owner": "numtide",
        "repo": "flake-utils",
        "rev": "74f7e4319258e287b0f9cb95426c9853b282730b",
        "type": "github"
      },
      "original": {
        "owner": "numtide",
        "repo": "flake-utils",
        "type": "github"
      }
    },
    "git-idris2": {
      "inputs": {
        "flake-utils": "flake-utils_2",
        "idris-emacs-src": "idris-emacs-src",
        "nixpkgs": "nixpkgs_2"
      },
      "locked": {
        "lastModified": 1653733387,
        "narHash": "sha256-2TRTh2XPFNSSeS24VVRxzA9d0F/0LWWhcQ3/v4asnjo=",
        "owner": "idris-lang",
        "repo": "Idris2",
        "rev": "5e9a90bd97d3940054dcf2fcaffccff7c72ef5ae",
        "type": "github"
      },
      "original": {
        "owner": "idris-lang",
        "repo": "Idris2",
        "rev": "5e9a90bd97d3940054dcf2fcaffccff7c72ef5ae",
        "type": "github"
      }
    },
    "home-manager": {
      "inputs": {
        "nixpkgs": [
          "nixpkgs"
        ],
        "utils": "utils"
      },
      "locked": {
        "lastModified": 1676257154,
        "narHash": "sha256-eW3jymNLpdxS5fkp9NWKyNtgL0Gqtgg1vCTofKXDF1g=",
        "owner": "nix-community",
        "repo": "home-manager",
        "rev": "2cb27c79117a2a75ff3416c3199a2dc57af6a527",
        "type": "github"
      },
      "original": {
        "owner": "nix-community",
        "ref": "release-22.11",
        "repo": "home-manager",
        "type": "github"
      }
    },
    "idris-emacs-src": {
      "flake": false,
      "locked": {
        "lastModified": 1640162726,
        "narHash": "sha256-blfl73dUC3dagL6PIK2+0979DGH4ZnMMHsd6U1yD+LM=",
        "owner": "redfish64",
        "repo": "idris2-mode",
        "rev": "f56118aa09f5562815d3295d2fd160152bdef967",
        "type": "github"
      },
      "original": {
        "owner": "redfish64",
        "repo": "idris2-mode",
        "type": "github"
      }
    },
    "nixos-hardware": {
      "locked": {
        "lastModified": 1675933606,
        "narHash": "sha256-y427VhPQHOKkYvkc9MMsL/2R7M11rQxzsRdRLM3htx8=",
        "owner": "nixos",
        "repo": "nixos-hardware",
        "rev": "44ae00e02e8036a66c08f4decdece7e3bbbefee2",
        "type": "github"
      },
      "original": {
        "owner": "nixos",
        "ref": "master",
        "repo": "nixos-hardware",
        "type": "github"
      }
    },
    "nixpkgs": {
      "locked": {
        "lastModified": 1673540789,
        "narHash": "sha256-xqnxBOK3qctIeUVxecydrEDbEXjsvHCPGPbvsl63M/U=",
        "owner": "NixOS",
        "repo": "nixpkgs",
        "rev": "0f213d0fee84280d8c3a97f7469b988d6fe5fcdf",
        "type": "github"
      },
      "original": {
        "owner": "NixOS",
        "ref": "nixos-unstable",
        "repo": "nixpkgs",
        "type": "github"
      }
    },
    "nixpkgs-local": {
      "locked": {
        "lastModified": 1658923581,
        "narHash": "sha256-1tkPFSIVsmnDqna3hXzl0wUWatYB6quRtxEH6SWI3Ks=",
        "ref": "refs/heads/bump_llvm_git",
        "rev": "7f625281bd451b047d3b287faa1849334f9c643a",
        "revCount": 394427,
        "type": "git",
        "url": "file:///home/doyougnu/programming/nix/nixpkgs"
      },
      "original": {
        "type": "git",
        "url": "file:///home/doyougnu/programming/nix/nixpkgs"
      }
    },
    "nixpkgs-unstable": {
      "locked": {
        "lastModified": 1676481215,
        "narHash": "sha256-afma/1RU0EePRyrBPcjBdOt+dV8z1bJH9dtpTN/WXmY=",
        "owner": "NixOS",
        "repo": "nixpkgs",
        "rev": "28319deb5ab05458d9cd5c7d99e1a24ec2e8fc4b",
        "type": "github"
      },
      "original": {
        "id": "nixpkgs",
        "ref": "nixos-unstable",
        "type": "indirect"
      }
    },
    "nixpkgs_2": {
      "locked": {
        "lastModified": 1640348409,
        "narHash": "sha256-TrV1MmmwqkWvnDUoHMeJ4el3yRsz/ryz+PoE7iAR2Xw=",
        "owner": "NixOS",
        "repo": "nixpkgs",
        "rev": "ec9e6999fe6cb53d15caca2bfb1abf8e708f22b2",
        "type": "github"
      },
      "original": {
        "owner": "NixOS",
        "repo": "nixpkgs",
        "type": "github"
      }
    },
    "nixpkgs_3": {
      "locked": {
        "lastModified": 1676546582,
        "narHash": "sha256-MJ+PXNmUyxnMTFoss7G2lEcUY2cfYZM6RudBAL5aX1k=",
        "owner": "NixOS",
        "repo": "nixpkgs",
        "rev": "2fb7d749c084890192b2cd08ba264e5e4a14df1b",
        "type": "github"
      },
      "original": {
        "id": "nixpkgs",
        "ref": "nixos-22.11",
        "type": "indirect"
      }
    },
    "nur": {
      "locked": {
        "lastModified": 1676619352,
        "narHash": "sha256-a9pQbtOcUYS9boD6+lQqPe0WzME0x8yzZk365w9XGbM=",
        "owner": "nix-community",
        "repo": "nur",
        "rev": "d2d70316f27384cf53e0f3c6cf2fd73e4744555a",
        "type": "github"
      },
      "original": {
        "owner": "nix-community",
        "repo": "nur",
        "type": "github"
      }
    },
    "root": {
      "inputs": {
        "emacs-overlay": "emacs-overlay",
        "git-idris2": "git-idris2",
        "home-manager": "home-manager",
        "nixos-hardware": "nixos-hardware",
        "nixpkgs": "nixpkgs_3",
        "nixpkgs-local": "nixpkgs-local",
        "nixpkgs-unstable": "nixpkgs-unstable",
        "nur": "nur"
      }
    },
    "utils": {
      "locked": {
        "lastModified": 1667395993,
        "narHash": "sha256-nuEHfE/LcWyuSWnS8t12N1wc105Qtau+/OdUAjtQ0rA=",
        "owner": "numtide",
        "repo": "flake-utils",
        "rev": "5aed5285a952e0b949eb3ba02c12fa4fcfef535f",
        "type": "github"
      },
      "original": {
        "owner": "numtide",
        "repo": "flake-utils",
        "type": "github"
      }
    }
  },
  "root": "root",
  "version": 7
}
