{
  "nodes": {
    "emacs-overlay": {
      "inputs": {
        "flake-utils": "flake-utils",
        "nixpkgs": "nixpkgs"
      },
      "locked": {
        "lastModified": 1673864427,
        "narHash": "sha256-7yQH2UAOW5si0D9ApcVFaif6+ZBPPBsY0iOEdHeirco=",
        "owner": "nix-community",
        "repo": "emacs-overlay",
        "rev": "b7102ef6e2389ef88c91b6f87fe2b981c0ecc567",
        "type": "github"
      },
      "original": {
        "owner": "nix-community",
        "repo": "emacs-overlay",
        "type": "github"
      }
    },
    "flake-utils": {
      "locked": {
        "lastModified": 1667395993,
        "narHash": "sha256-nuEHfE/LcWyuSWnS8t12N1wc105Qtau+/OdUAjtQ0rA=",
        "owner": "numtide",
        "repo": "flake-utils",
        "rev": "5aed5285a952e0b949eb3ba02c12fa4fcfef535f",
        "type": "github"
      },
      "original": {
        "owner": "numtide",
        "repo": "flake-utils",
        "type": "github"
      }
    },
    "flake-utils_2": {
      "locked": {
        "lastModified": 1638122382,
        "narHash": "sha256-sQzZzAbvKEqN9s0bzWuYmRaA03v40gaJ4+iL1LXjaeI=",
        "owner": "numtide",
        "repo": "flake-utils",
        "rev": "74f7e4319258e287b0f9cb95426c9853b282730b",
        "type": "github"
      },
      "original": {
        "owner": "numtide",
        "repo": "flake-utils",
        "type": "github"
      }
    },
    "git-idris2": {
      "inputs": {
        "flake-utils": "flake-utils_2",
        "idris-emacs-src": "idris-emacs-src",
        "nixpkgs": "nixpkgs_2"
      },
      "locked": {
        "lastModified": 1653733387,
        "narHash": "sha256-2TRTh2XPFNSSeS24VVRxzA9d0F/0LWWhcQ3/v4asnjo=",
        "owner": "idris-lang",
        "repo": "Idris2",
        "rev": "5e9a90bd97d3940054dcf2fcaffccff7c72ef5ae",
        "type": "github"
      },
      "original": {
        "owner": "idris-lang",
        "repo": "Idris2",
        "rev": "5e9a90bd97d3940054dcf2fcaffccff7c72ef5ae",
        "type": "github"
      }
    },
    "home-manager": {
      "inputs": {
        "nixpkgs": [
          "nixpkgs"
        ],
        "utils": "utils"
      },
      "locked": {
        "lastModified": 1672244468,
        "narHash": "sha256-xaZb8AZqoXRCSqPusCk4ouf+fUNP8UJdafmMTF1Ltlw=",
        "owner": "nix-community",
        "repo": "home-manager",
        "rev": "89a8ba0b5b43b3350ff2e3ef37b66736b2ef8706",
        "type": "github"
      },
      "original": {
        "owner": "nix-community",
        "ref": "release-22.11",
        "repo": "home-manager",
        "type": "github"
      }
    },
    "idris-emacs-src": {
      "flake": false,
      "locked": {
        "lastModified": 1640162726,
        "narHash": "sha256-blfl73dUC3dagL6PIK2+0979DGH4ZnMMHsd6U1yD+LM=",
        "owner": "redfish64",
        "repo": "idris2-mode",
        "rev": "f56118aa09f5562815d3295d2fd160152bdef967",
        "type": "github"
      },
      "original": {
        "owner": "redfish64",
        "repo": "idris2-mode",
        "type": "github"
      }
    },
    "nixos-hardware": {
      "locked": {
        "lastModified": 1673803274,
        "narHash": "sha256-zaJDlHFXewT4KUsidMpRcPE+REymGH1Y3Eoc3Pjv4Xs=",
        "owner": "nixos",
        "repo": "nixos-hardware",
        "rev": "7bd6b87b3712e68007823e8dd5c37ee9b114fee3",
        "type": "github"
      },
      "original": {
        "owner": "nixos",
        "ref": "master",
        "repo": "nixos-hardware",
        "type": "github"
      }
    },
    "nixpkgs": {
      "locked": {
        "lastModified": 1673540789,
        "narHash": "sha256-xqnxBOK3qctIeUVxecydrEDbEXjsvHCPGPbvsl63M/U=",
        "owner": "NixOS",
        "repo": "nixpkgs",
        "rev": "0f213d0fee84280d8c3a97f7469b988d6fe5fcdf",
        "type": "github"
      },
      "original": {
        "owner": "NixOS",
        "ref": "nixos-unstable",
        "repo": "nixpkgs",
        "type": "github"
      }
    },
    "nixpkgs-local": {
      "locked": {
        "lastModified": 1658923581,
        "narHash": "sha256-1tkPFSIVsmnDqna3hXzl0wUWatYB6quRtxEH6SWI3Ks=",
        "ref": "refs/heads/bump_llvm_git",
        "rev": "7f625281bd451b047d3b287faa1849334f9c643a",
        "revCount": 394427,
        "type": "git",
        "url": "file:///home/doyougnu/programming/nix/nixpkgs"
      },
      "original": {
        "type": "git",
        "url": "file:///home/doyougnu/programming/nix/nixpkgs"
      }
    },
    "nixpkgs-unstable": {
      "locked": {
        "lastModified": 1673631141,
        "narHash": "sha256-AprpYQ5JvLS4wQG/ghm2UriZ9QZXvAwh1HlgA/6ZEVQ=",
        "owner": "NixOS",
        "repo": "nixpkgs",
        "rev": "befc83905c965adfd33e5cae49acb0351f6e0404",
        "type": "github"
      },
      "original": {
        "id": "nixpkgs",
        "ref": "nixos-unstable",
        "type": "indirect"
      }
    },
    "nixpkgs_2": {
      "locked": {
        "lastModified": 1640348409,
        "narHash": "sha256-TrV1MmmwqkWvnDUoHMeJ4el3yRsz/ryz+PoE7iAR2Xw=",
        "owner": "NixOS",
        "repo": "nixpkgs",
        "rev": "ec9e6999fe6cb53d15caca2bfb1abf8e708f22b2",
        "type": "github"
      },
      "original": {
        "owner": "NixOS",
        "repo": "nixpkgs",
        "type": "github"
      }
    },
    "nixpkgs_3": {
      "locked": {
        "lastModified": 1673800717,
        "narHash": "sha256-SFHraUqLSu5cC6IxTprex/nTsI81ZQAtDvlBvGDWfnA=",
        "owner": "NixOS",
        "repo": "nixpkgs",
        "rev": "2f9fd351ec37f5d479556cd48be4ca340da59b8f",
        "type": "github"
      },
      "original": {
        "id": "nixpkgs",
        "ref": "nixos-22.11",
        "type": "indirect"
      }
    },
    "nur": {
      "locked": {
        "lastModified": 1673874395,
        "narHash": "sha256-bIMqmL3iUt4EyoqsYAipDB6Xa5Pqvu9cwGIF5XgpVq4=",
        "owner": "nix-community",
        "repo": "nur",
        "rev": "8cd0467d8f5399d83e0bfd381dafd1cd124c9545",
        "type": "github"
      },
      "original": {
        "owner": "nix-community",
        "repo": "nur",
        "type": "github"
      }
    },
    "root": {
      "inputs": {
        "emacs-overlay": "emacs-overlay",
        "git-idris2": "git-idris2",
        "home-manager": "home-manager",
        "nixos-hardware": "nixos-hardware",
        "nixpkgs": "nixpkgs_3",
        "nixpkgs-local": "nixpkgs-local",
        "nixpkgs-unstable": "nixpkgs-unstable",
        "nur": "nur"
      }
    },
    "utils": {
      "locked": {
        "lastModified": 1667395993,
        "narHash": "sha256-nuEHfE/LcWyuSWnS8t12N1wc105Qtau+/OdUAjtQ0rA=",
        "owner": "numtide",
        "repo": "flake-utils",
        "rev": "5aed5285a952e0b949eb3ba02c12fa4fcfef535f",
        "type": "github"
      },
      "original": {
        "owner": "numtide",
        "repo": "flake-utils",
        "type": "github"
      }
    }
  },
  "root": "root",
  "version": 7
}
